
Microsoft Visual Studio Solution File, Format Version 12.00
# Visual Studio Version 17
VisualStudioVersion = 17.2.32602.215
MinimumVisualStudioVersion = 10.0.40219.1
Project("{FAE04EC0-301F-11D3-BF4B-00C04F79EFBC}") = "Cascadum", "Cascadum\Cascadum.csproj", "{650C5C81-D78F-4CBF-B978-7A09E82D828B}"
EndProject
Global
	GlobalSection(SolutionConfigurationPlatforms) = preSolution
		Debug|Any CPU = Debug|Any CPU
		Release|Any CPU = Release|Any CPU
	EndGlobalSection
	GlobalSection(ProjectConfigurationPlatforms) = postSolution
		{650C5C81-D78F-4CBF-B978-7A09E82D828B}.Debug|Any CPU.ActiveCfg = Debug|Any CPU
		{650C5C81-D78F-4CBF-B978-7A09E82D828B}.Debug|Any CPU.Build.0 = Debug|Any CPU
		{650C5C81-D78F-4CBF-B978-7A09E82D828B}.Release|Any CPU.ActiveCfg = Release|Any CPU
		{650C5C81-D78F-4CBF-B978-7A09E82D828B}.Release|Any CPU.Build.0 = Release|Any CPU
	EndGlobalSection
	GlobalSection(SolutionProperties) = preSolution
		HideSolutionNode = FALSE
	EndGlobalSection
	GlobalSection(ExtensibilityGlobals) = postSolution
		SolutionGuid = {508AA1C2-E8BA-4528-B02E-920AD66F6945}
	EndGlobalSection
EndGlobal
